
Microsoft Visual Studio Solution File, Format Version 12.00
# Visual Studio Version 16
VisualStudioVersion = 16.0.29609.76
MinimumVisualStudioVersion = 10.0.40219.1
Project("{FAE04EC0-301F-11D3-BF4B-00C04F79EFBC}") = "PersonelAppDomain", "PersonelAppDomain\PersonelAppDomain.csproj", "{0A5E36FA-5104-420D-BF07-1282483AD807}"
EndProject
Project("{FAE04EC0-301F-11D3-BF4B-00C04F79EFBC}") = "PersonelAppDAL", "PersonelAppDAL\PersonelAppDAL.csproj", "{0C3E2BD2-2565-482F-B6B4-AAE451DB4D1B}"
EndProject
Project("{FAE04EC0-301F-11D3-BF4B-00C04F79EFBC}") = "PersonelAppWinformUI", "PersonelAppWinformUI\PersonelAppWinformUI.csproj", "{993D55A6-C16A-4BC1-A567-7B09DEA2D624}"
EndProject
Global
	GlobalSection(SolutionConfigurationPlatforms) = preSolution
		Debug|Any CPU = Debug|Any CPU
		Release|Any CPU = Release|Any CPU
	EndGlobalSection
	GlobalSection(ProjectConfigurationPlatforms) = postSolution
		{0A5E36FA-5104-420D-BF07-1282483AD807}.Debug|Any CPU.ActiveCfg = Debug|Any CPU
		{0A5E36FA-5104-420D-BF07-1282483AD807}.Debug|Any CPU.Build.0 = Debug|Any CPU
		{0A5E36FA-5104-420D-BF07-1282483AD807}.Release|Any CPU.ActiveCfg = Release|Any CPU
		{0A5E36FA-5104-420D-BF07-1282483AD807}.Release|Any CPU.Build.0 = Release|Any CPU
		{0C3E2BD2-2565-482F-B6B4-AAE451DB4D1B}.Debug|Any CPU.ActiveCfg = Debug|Any CPU
		{0C3E2BD2-2565-482F-B6B4-AAE451DB4D1B}.Debug|Any CPU.Build.0 = Debug|Any CPU
		{0C3E2BD2-2565-482F-B6B4-AAE451DB4D1B}.Release|Any CPU.ActiveCfg = Release|Any CPU
		{0C3E2BD2-2565-482F-B6B4-AAE451DB4D1B}.Release|Any CPU.Build.0 = Release|Any CPU
		{993D55A6-C16A-4BC1-A567-7B09DEA2D624}.Debug|Any CPU.ActiveCfg = Debug|Any CPU
		{993D55A6-C16A-4BC1-A567-7B09DEA2D624}.Debug|Any CPU.Build.0 = Debug|Any CPU
		{993D55A6-C16A-4BC1-A567-7B09DEA2D624}.Release|Any CPU.ActiveCfg = Release|Any CPU
		{993D55A6-C16A-4BC1-A567-7B09DEA2D624}.Release|Any CPU.Build.0 = Release|Any CPU
	EndGlobalSection
	GlobalSection(SolutionProperties) = preSolution
		HideSolutionNode = FALSE
	EndGlobalSection
	GlobalSection(ExtensibilityGlobals) = postSolution
		SolutionGuid = {7C6AB421-CCD2-4795-821A-C23E06614BFA}
	EndGlobalSection
EndGlobal
